<?xml version="1.0" encoding="utf-8"?>
<Project ToolsVersion="4.0" xmlns="http://schemas.microsoft.com/developer/msbuild/2003">
  <ItemGroup>
    <Filter Include="Resource Files">
      <UniqueIdentifier>{faf64f86-1d1d-4054-a815-986441fd4d9e}</UniqueIdentifier>
    </Filter>
  </ItemGroup>
  <ItemGroup>
    <Image Include="Resource Files\eaeAlien.ico">
      <Filter>Resource Files</Filter>
    </Image>
    <Image Include="Resource Files\eaeGamePad.ico">
      <Filter>Resource Files</Filter>
    </Image>
    <Image Include="Resource Files\vsDefault_large.ico">
      <Filter>Resource Files</Filter>
    </Image>
    <Image Include="Resource Files\vsDefault_small.ico">
      <Filter>Resource Files</Filter>
    </Image>
  </ItemGroup>
  <ItemGroup>
    <ResourceCompile Include="Resource Files\ExampleGame.rc" />
  </ItemGroup>
  <ItemGroup>
    <ClInclude Include="Resource Files\Resource.h">
      <Filter>Resource Files</Filter>
    </ClInclude>
    <ClInclude Include="Resource Files\targetver.h">
      <Filter>Resource Files</Filter>
    </ClInclude>
    <ClInclude Include="cMyGame.h" />
    <ClInclude Include="Cube.h">
      <Filter>Resource Files</Filter>
    </ClInclude>
    <ClInclude Include="Plane.h">
      <Filter>Resource Files</Filter>
    </ClInclude>
  </ItemGroup>
  <ItemGroup>
    <ClCompile Include="cMyGame.cpp" />
    <ClCompile Include="EntryPoint.cpp" />
    <ClCompile Include="Cube.cpp">
      <Filter>Resource Files</Filter>
    </ClCompile>
    <ClCompile Include="Plane.cpp">
      <Filter>Resource Files</Filter>
    </ClCompile>
  </ItemGroup>
</Project>